
Microsoft Visual Studio Solution File, Format Version 12.00
# Visual Studio 2012
Project("{8BC9CEB8-8B4A-11D0-8D11-00A0C91BC942}") = "1 laba - m", "1 laba - m\1 laba - m.vcxproj", "{56E30910-650C-43BC-9264-875654BEC267}"
EndProject
Global
	GlobalSection(SolutionConfigurationPlatforms) = preSolution
		Debug|Win32 = Debug|Win32
		Release|Win32 = Release|Win32
	EndGlobalSection
	GlobalSection(ProjectConfigurationPlatforms) = postSolution
		{56E30910-650C-43BC-9264-875654BEC267}.Debug|Win32.ActiveCfg = Debug|Win32
		{56E30910-650C-43BC-9264-875654BEC267}.Debug|Win32.Build.0 = Debug|Win32
		{56E30910-650C-43BC-9264-875654BEC267}.Release|Win32.ActiveCfg = Release|Win32
		{56E30910-650C-43BC-9264-875654BEC267}.Release|Win32.Build.0 = Release|Win32
	EndGlobalSection
	GlobalSection(SolutionProperties) = preSolution
		HideSolutionNode = FALSE
	EndGlobalSection
EndGlobal
